
Microsoft Visual Studio Solution File, Format Version 12.00
# Visual Studio 2013
VisualStudioVersion = 12.0.30501.0
MinimumVisualStudioVersion = 10.0.40219.1
Project("{FAE04EC0-301F-11D3-BF4B-00C04F79EFBC}") = "SnippetsTest", "SnippetsTest\SnippetsTest.csproj", "{24B59F67-518D-440F-8B04-D1F528A937B8}"
EndProject
Global
	GlobalSection(SolutionConfigurationPlatforms) = preSolution
		Debug|Any CPU = Debug|Any CPU
		Release|Any CPU = Release|Any CPU
	EndGlobalSection
	GlobalSection(ProjectConfigurationPlatforms) = postSolution
		{24B59F67-518D-440F-8B04-D1F528A937B8}.Debug|Any CPU.ActiveCfg = Debug|Any CPU
		{24B59F67-518D-440F-8B04-D1F528A937B8}.Debug|Any CPU.Build.0 = Debug|Any CPU
		{24B59F67-518D-440F-8B04-D1F528A937B8}.Release|Any CPU.ActiveCfg = Release|Any CPU
		{24B59F67-518D-440F-8B04-D1F528A937B8}.Release|Any CPU.Build.0 = Release|Any CPU
	EndGlobalSection
	GlobalSection(SolutionProperties) = preSolution
		HideSolutionNode = FALSE
	EndGlobalSection
	GlobalSection(TestCaseManagementSettings) = postSolution
		CategoryFile = Snippets.vsmdi
	EndGlobalSection
EndGlobal
